
Microsoft Visual Studio Solution File, Format Version 12.00
# Visual Studio Version 17
VisualStudioVersion = 17.2.32516.85
MinimumVisualStudioVersion = 10.0.40219.1
Project("{FAE04EC0-301F-11D3-BF4B-00C04F79EFBC}") = "Ejercicio22.Android", "Ejercicio22.Android\Ejercicio22.Android.csproj", "{A79C4E88-11A8-49DA-AF60-873BCAF65A51}"
EndProject
Project("{FAE04EC0-301F-11D3-BF4B-00C04F79EFBC}") = "Ejercicio22", "Ejercicio22\Ejercicio22.csproj", "{A82F8DA1-D96C-4454-8272-1729767943D0}"
EndProject
Global
	GlobalSection(SolutionConfigurationPlatforms) = preSolution
		Debug|Any CPU = Debug|Any CPU
		Release|Any CPU = Release|Any CPU
	EndGlobalSection
	GlobalSection(ProjectConfigurationPlatforms) = postSolution
		{A79C4E88-11A8-49DA-AF60-873BCAF65A51}.Debug|Any CPU.ActiveCfg = Debug|Any CPU
		{A79C4E88-11A8-49DA-AF60-873BCAF65A51}.Debug|Any CPU.Build.0 = Debug|Any CPU
		{A79C4E88-11A8-49DA-AF60-873BCAF65A51}.Debug|Any CPU.Deploy.0 = Debug|Any CPU
		{A79C4E88-11A8-49DA-AF60-873BCAF65A51}.Release|Any CPU.ActiveCfg = Release|Any CPU
		{A79C4E88-11A8-49DA-AF60-873BCAF65A51}.Release|Any CPU.Build.0 = Release|Any CPU
		{A79C4E88-11A8-49DA-AF60-873BCAF65A51}.Release|Any CPU.Deploy.0 = Release|Any CPU
		{A82F8DA1-D96C-4454-8272-1729767943D0}.Debug|Any CPU.ActiveCfg = Debug|Any CPU
		{A82F8DA1-D96C-4454-8272-1729767943D0}.Debug|Any CPU.Build.0 = Debug|Any CPU
		{A82F8DA1-D96C-4454-8272-1729767943D0}.Debug|Any CPU.Deploy.0 = Debug|Any CPU
		{A82F8DA1-D96C-4454-8272-1729767943D0}.Release|Any CPU.ActiveCfg = Release|Any CPU
		{A82F8DA1-D96C-4454-8272-1729767943D0}.Release|Any CPU.Build.0 = Release|Any CPU
		{A82F8DA1-D96C-4454-8272-1729767943D0}.Release|Any CPU.Deploy.0 = Release|Any CPU
	EndGlobalSection
	GlobalSection(SolutionProperties) = preSolution
		HideSolutionNode = FALSE
	EndGlobalSection
	GlobalSection(ExtensibilityGlobals) = postSolution
		SolutionGuid = {D720B132-2FF1-4888-8BF7-239131F9A5E9}
	EndGlobalSection
EndGlobal
